
Microsoft Visual Studio Solution File, Format Version 12.00
# Visual Studio Version 17
VisualStudioVersion = 17.6.33801.468
MinimumVisualStudioVersion = 10.0.40219.1
Project("{FAE04EC0-301F-11D3-BF4B-00C04F79EFBC}") = "LoopArrays", "LoopArrays\LoopArrays.csproj", "{0280F098-2750-4E51-A26A-2C4CE242FEAB}"
EndProject
Global
	GlobalSection(SolutionConfigurationPlatforms) = preSolution
		Debug|Any CPU = Debug|Any CPU
		Release|Any CPU = Release|Any CPU
	EndGlobalSection
	GlobalSection(ProjectConfigurationPlatforms) = postSolution
		{0280F098-2750-4E51-A26A-2C4CE242FEAB}.Debug|Any CPU.ActiveCfg = Debug|Any CPU
		{0280F098-2750-4E51-A26A-2C4CE242FEAB}.Debug|Any CPU.Build.0 = Debug|Any CPU
		{0280F098-2750-4E51-A26A-2C4CE242FEAB}.Release|Any CPU.ActiveCfg = Release|Any CPU
		{0280F098-2750-4E51-A26A-2C4CE242FEAB}.Release|Any CPU.Build.0 = Release|Any CPU
	EndGlobalSection
	GlobalSection(SolutionProperties) = preSolution
		HideSolutionNode = FALSE
	EndGlobalSection
	GlobalSection(ExtensibilityGlobals) = postSolution
		SolutionGuid = {032DED63-1401-435D-8A17-FDAA7875CF72}
	EndGlobalSection
EndGlobal
